
Microsoft Visual Studio Solution File, Format Version 12.00
# Visual Studio Version 17
VisualStudioVersion = 17.12.35514.174
MinimumVisualStudioVersion = 10.0.40219.1
Project("{FAE04EC0-301F-11D3-BF4B-00C04F79EFBC}") = "Api", "Api\Api.csproj", "{2398717E-B41E-4C4D-8288-A896C215DD6B}"
EndProject
Project("{FAE04EC0-301F-11D3-BF4B-00C04F79EFBC}") = "Domain", "Domain\Domain.csproj", "{E4E79152-5257-4682-8125-9152C548F490}"
EndProject
Project("{FAE04EC0-301F-11D3-BF4B-00C04F79EFBC}") = "Infrastructure", "Infrastructure\Infrastructure.csproj", "{CB8B0157-F34F-4BA7-BB4A-1CF976E33AC4}"
EndProject
Project("{FAE04EC0-301F-11D3-BF4B-00C04F79EFBC}") = "Application", "Application\Application.csproj", "{5DD475C7-BB69-4CD5-A8E8-D625676E55BF}"
EndProject
Project("{FAE04EC0-301F-11D3-BF4B-00C04F79EFBC}") = "Tests", "Tests\Tests.csproj", "{AD254A3B-763E-4493-A4A1-50F2B1328CBA}"
EndProject
Project("{E53339B2-1760-4266-BCC7-CA923CBCF16C}") = "docker-compose", "docker-compose.dcproj", "{EDBBD15A-21F2-4F87-9892-855FB5FDBCFB}"
EndProject
Project("{2150E333-8FDC-42A3-9474-1A3956D46DE8}") = "Элементы решения", "Элементы решения", "{F0C431F9-0F36-4FA9-A770-B05FB05945E4}"
	ProjectSection(SolutionItems) = preProject
		.env = .env
	EndProjectSection
EndProject
Global
	GlobalSection(SolutionConfigurationPlatforms) = preSolution
		Debug|Any CPU = Debug|Any CPU
		Release|Any CPU = Release|Any CPU
	EndGlobalSection
	GlobalSection(ProjectConfigurationPlatforms) = postSolution
		{2398717E-B41E-4C4D-8288-A896C215DD6B}.Debug|Any CPU.ActiveCfg = Debug|Any CPU
		{2398717E-B41E-4C4D-8288-A896C215DD6B}.Debug|Any CPU.Build.0 = Debug|Any CPU
		{2398717E-B41E-4C4D-8288-A896C215DD6B}.Release|Any CPU.ActiveCfg = Release|Any CPU
		{2398717E-B41E-4C4D-8288-A896C215DD6B}.Release|Any CPU.Build.0 = Release|Any CPU
		{E4E79152-5257-4682-8125-9152C548F490}.Debug|Any CPU.ActiveCfg = Debug|Any CPU
		{E4E79152-5257-4682-8125-9152C548F490}.Debug|Any CPU.Build.0 = Debug|Any CPU
		{E4E79152-5257-4682-8125-9152C548F490}.Release|Any CPU.ActiveCfg = Release|Any CPU
		{E4E79152-5257-4682-8125-9152C548F490}.Release|Any CPU.Build.0 = Release|Any CPU
		{CB8B0157-F34F-4BA7-BB4A-1CF976E33AC4}.Debug|Any CPU.ActiveCfg = Debug|Any CPU
		{CB8B0157-F34F-4BA7-BB4A-1CF976E33AC4}.Debug|Any CPU.Build.0 = Debug|Any CPU
		{CB8B0157-F34F-4BA7-BB4A-1CF976E33AC4}.Release|Any CPU.ActiveCfg = Release|Any CPU
		{CB8B0157-F34F-4BA7-BB4A-1CF976E33AC4}.Release|Any CPU.Build.0 = Release|Any CPU
		{5DD475C7-BB69-4CD5-A8E8-D625676E55BF}.Debug|Any CPU.ActiveCfg = Debug|Any CPU
		{5DD475C7-BB69-4CD5-A8E8-D625676E55BF}.Debug|Any CPU.Build.0 = Debug|Any CPU
		{5DD475C7-BB69-4CD5-A8E8-D625676E55BF}.Release|Any CPU.ActiveCfg = Release|Any CPU
		{5DD475C7-BB69-4CD5-A8E8-D625676E55BF}.Release|Any CPU.Build.0 = Release|Any CPU
		{AD254A3B-763E-4493-A4A1-50F2B1328CBA}.Debug|Any CPU.ActiveCfg = Debug|Any CPU
		{AD254A3B-763E-4493-A4A1-50F2B1328CBA}.Debug|Any CPU.Build.0 = Debug|Any CPU
		{AD254A3B-763E-4493-A4A1-50F2B1328CBA}.Release|Any CPU.ActiveCfg = Release|Any CPU
		{AD254A3B-763E-4493-A4A1-50F2B1328CBA}.Release|Any CPU.Build.0 = Release|Any CPU
		{EDBBD15A-21F2-4F87-9892-855FB5FDBCFB}.Debug|Any CPU.ActiveCfg = Debug|Any CPU
		{EDBBD15A-21F2-4F87-9892-855FB5FDBCFB}.Debug|Any CPU.Build.0 = Debug|Any CPU
		{EDBBD15A-21F2-4F87-9892-855FB5FDBCFB}.Release|Any CPU.ActiveCfg = Release|Any CPU
		{EDBBD15A-21F2-4F87-9892-855FB5FDBCFB}.Release|Any CPU.Build.0 = Release|Any CPU
	EndGlobalSection
	GlobalSection(SolutionProperties) = preSolution
		HideSolutionNode = FALSE
	EndGlobalSection
EndGlobal
